
Microsoft Visual Studio Solution File, Format Version 12.00
# Visual Studio 15
VisualStudioVersion = 15.0.26124.0
MinimumVisualStudioVersion = 15.0.26124.0
Project("{FAE04EC0-301F-11D3-BF4B-00C04F79EFBC}") = "Focus.Application.Common", "Focus.Application.Common\Focus.Application.Common.csproj", "{34BAAC88-FB8B-4A1E-8855-31078BC88256}"
EndProject
Project("{FAE04EC0-301F-11D3-BF4B-00C04F79EFBC}") = "Focus.Core.Common", "Focus.Core.Common\Focus.Core.Common.csproj", "{D4B33CF9-937E-4B03-86B8-10965162796D}"
EndProject
Project("{FAE04EC0-301F-11D3-BF4B-00C04F79EFBC}") = "Focus.Infrastructure.Common", "Focus.Infrastructure.Common\Focus.Infrastructure.Common.csproj", "{33EAEBF4-55D5-42A9-9BB8-D5777967F1FA}"
EndProject
Project("{FAE04EC0-301F-11D3-BF4B-00C04F79EFBC}") = "Focus.Service.NewDayEmitter", "Focus.Service.NewDayEmitter\Focus.Service.NewDayEmitter.csproj", "{5394CAD7-275B-4B8D-93CD-10FB286B47E0}"
EndProject
Project("{2150E333-8FDC-42A3-9474-1A3956D46DE8}") = "Focus.Service.ReportConstructor", "Focus.Service.ReportConstructor", "{25FEB5FD-7BCD-4856-AB4E-9814CFC36F33}"
EndProject
Project("{F2A71F9B-5D33-465A-A702-920D77279786}") = "Focus.Service.ReportConstructor.Api", "Focus.Service.ReportConstructor\Api\Focus.Service.ReportConstructor.Api.fsproj", "{B59FC025-ACE2-4E3B-B450-AE6DC7B61D66}"
EndProject
Project("{FAE04EC0-301F-11D3-BF4B-00C04F79EFBC}") = "Focus.Service.ReportConstructor.Core", "Focus.Service.ReportConstructor\Core\Focus.Service.ReportConstructor.Core.csproj", "{8F4C0098-5B9F-4F9C-8D14-DE0A78AD4BCA}"
EndProject
Project("{FAE04EC0-301F-11D3-BF4B-00C04F79EFBC}") = "Focus.Service.ReportConstructor.Application", "Focus.Service.ReportConstructor\Application\Focus.Service.ReportConstructor.Application.csproj", "{066CCB40-2AAD-4B7F-BA46-DB5D841AF815}"
EndProject
Project("{FAE04EC0-301F-11D3-BF4B-00C04F79EFBC}") = "Focus.Service.ReportConstructor.Infrastructure", "Focus.Service.ReportConstructor\Infrastructure\Focus.Service.ReportConstructor.Infrastructure.csproj", "{8D0435CF-19F4-409F-BE30-C77AB843CE72}"
EndProject
Project("{2150E333-8FDC-42A3-9474-1A3956D46DE8}") = "Focus.Service.ReportScheduler", "Focus.Service.ReportScheduler", "{88C37F7F-48EC-401F-AD37-58EC25B0C78C}"
EndProject
Project("{F2A71F9B-5D33-465A-A702-920D77279786}") = "Focus.Service.ReportScheduler.Api", "Focus.Service.ReportScheduler\Api\Focus.Service.ReportScheduler.Api.fsproj", "{375F42F3-B0E3-4F42-AB79-FB23C0DE2117}"
EndProject
Project("{FAE04EC0-301F-11D3-BF4B-00C04F79EFBC}") = "Focus.Service.ReportScheduler.Core", "Focus.Service.ReportScheduler\Core\Focus.Service.ReportScheduler.Core.csproj", "{0BDED29C-F47F-4FC7-923E-0978220C3E90}"
EndProject
Project("{FAE04EC0-301F-11D3-BF4B-00C04F79EFBC}") = "Focus.Service.ReportScheduler.Application", "Focus.Service.ReportScheduler\Application\Focus.Service.ReportScheduler.Application.csproj", "{50FC7B30-1CAA-4853-AFEC-064BF9B27688}"
EndProject
Project("{FAE04EC0-301F-11D3-BF4B-00C04F79EFBC}") = "Focus.Service.ReportScheduler.Infrastructure", "Focus.Service.ReportScheduler\Infrastructure\Focus.Service.ReportScheduler.Infrastructure.csproj", "{8084E1CD-0112-4F39-9FAB-BB9C94030EA6}"
EndProject
Global
	GlobalSection(SolutionConfigurationPlatforms) = preSolution
		Debug|Any CPU = Debug|Any CPU
		Debug|x64 = Debug|x64
		Debug|x86 = Debug|x86
		Release|Any CPU = Release|Any CPU
		Release|x64 = Release|x64
		Release|x86 = Release|x86
	EndGlobalSection
	GlobalSection(SolutionProperties) = preSolution
		HideSolutionNode = FALSE
	EndGlobalSection
	GlobalSection(ProjectConfigurationPlatforms) = postSolution
		{34BAAC88-FB8B-4A1E-8855-31078BC88256}.Debug|Any CPU.ActiveCfg = Debug|Any CPU
		{34BAAC88-FB8B-4A1E-8855-31078BC88256}.Debug|Any CPU.Build.0 = Debug|Any CPU
		{34BAAC88-FB8B-4A1E-8855-31078BC88256}.Debug|x64.ActiveCfg = Debug|Any CPU
		{34BAAC88-FB8B-4A1E-8855-31078BC88256}.Debug|x64.Build.0 = Debug|Any CPU
		{34BAAC88-FB8B-4A1E-8855-31078BC88256}.Debug|x86.ActiveCfg = Debug|Any CPU
		{34BAAC88-FB8B-4A1E-8855-31078BC88256}.Debug|x86.Build.0 = Debug|Any CPU
		{34BAAC88-FB8B-4A1E-8855-31078BC88256}.Release|Any CPU.ActiveCfg = Release|Any CPU
		{34BAAC88-FB8B-4A1E-8855-31078BC88256}.Release|Any CPU.Build.0 = Release|Any CPU
		{34BAAC88-FB8B-4A1E-8855-31078BC88256}.Release|x64.ActiveCfg = Release|Any CPU
		{34BAAC88-FB8B-4A1E-8855-31078BC88256}.Release|x64.Build.0 = Release|Any CPU
		{34BAAC88-FB8B-4A1E-8855-31078BC88256}.Release|x86.ActiveCfg = Release|Any CPU
		{34BAAC88-FB8B-4A1E-8855-31078BC88256}.Release|x86.Build.0 = Release|Any CPU
		{D4B33CF9-937E-4B03-86B8-10965162796D}.Debug|Any CPU.ActiveCfg = Debug|Any CPU
		{D4B33CF9-937E-4B03-86B8-10965162796D}.Debug|Any CPU.Build.0 = Debug|Any CPU
		{D4B33CF9-937E-4B03-86B8-10965162796D}.Debug|x64.ActiveCfg = Debug|Any CPU
		{D4B33CF9-937E-4B03-86B8-10965162796D}.Debug|x64.Build.0 = Debug|Any CPU
		{D4B33CF9-937E-4B03-86B8-10965162796D}.Debug|x86.ActiveCfg = Debug|Any CPU
		{D4B33CF9-937E-4B03-86B8-10965162796D}.Debug|x86.Build.0 = Debug|Any CPU
		{D4B33CF9-937E-4B03-86B8-10965162796D}.Release|Any CPU.ActiveCfg = Release|Any CPU
		{D4B33CF9-937E-4B03-86B8-10965162796D}.Release|Any CPU.Build.0 = Release|Any CPU
		{D4B33CF9-937E-4B03-86B8-10965162796D}.Release|x64.ActiveCfg = Release|Any CPU
		{D4B33CF9-937E-4B03-86B8-10965162796D}.Release|x64.Build.0 = Release|Any CPU
		{D4B33CF9-937E-4B03-86B8-10965162796D}.Release|x86.ActiveCfg = Release|Any CPU
		{D4B33CF9-937E-4B03-86B8-10965162796D}.Release|x86.Build.0 = Release|Any CPU
		{33EAEBF4-55D5-42A9-9BB8-D5777967F1FA}.Debug|Any CPU.ActiveCfg = Debug|Any CPU
		{33EAEBF4-55D5-42A9-9BB8-D5777967F1FA}.Debug|Any CPU.Build.0 = Debug|Any CPU
		{33EAEBF4-55D5-42A9-9BB8-D5777967F1FA}.Debug|x64.ActiveCfg = Debug|Any CPU
		{33EAEBF4-55D5-42A9-9BB8-D5777967F1FA}.Debug|x64.Build.0 = Debug|Any CPU
		{33EAEBF4-55D5-42A9-9BB8-D5777967F1FA}.Debug|x86.ActiveCfg = Debug|Any CPU
		{33EAEBF4-55D5-42A9-9BB8-D5777967F1FA}.Debug|x86.Build.0 = Debug|Any CPU
		{33EAEBF4-55D5-42A9-9BB8-D5777967F1FA}.Release|Any CPU.ActiveCfg = Release|Any CPU
		{33EAEBF4-55D5-42A9-9BB8-D5777967F1FA}.Release|Any CPU.Build.0 = Release|Any CPU
		{33EAEBF4-55D5-42A9-9BB8-D5777967F1FA}.Release|x64.ActiveCfg = Release|Any CPU
		{33EAEBF4-55D5-42A9-9BB8-D5777967F1FA}.Release|x64.Build.0 = Release|Any CPU
		{33EAEBF4-55D5-42A9-9BB8-D5777967F1FA}.Release|x86.ActiveCfg = Release|Any CPU
		{33EAEBF4-55D5-42A9-9BB8-D5777967F1FA}.Release|x86.Build.0 = Release|Any CPU
		{5394CAD7-275B-4B8D-93CD-10FB286B47E0}.Debug|Any CPU.ActiveCfg = Debug|Any CPU
		{5394CAD7-275B-4B8D-93CD-10FB286B47E0}.Debug|Any CPU.Build.0 = Debug|Any CPU
		{5394CAD7-275B-4B8D-93CD-10FB286B47E0}.Debug|x64.ActiveCfg = Debug|Any CPU
		{5394CAD7-275B-4B8D-93CD-10FB286B47E0}.Debug|x64.Build.0 = Debug|Any CPU
		{5394CAD7-275B-4B8D-93CD-10FB286B47E0}.Debug|x86.ActiveCfg = Debug|Any CPU
		{5394CAD7-275B-4B8D-93CD-10FB286B47E0}.Debug|x86.Build.0 = Debug|Any CPU
		{5394CAD7-275B-4B8D-93CD-10FB286B47E0}.Release|Any CPU.ActiveCfg = Release|Any CPU
		{5394CAD7-275B-4B8D-93CD-10FB286B47E0}.Release|Any CPU.Build.0 = Release|Any CPU
		{5394CAD7-275B-4B8D-93CD-10FB286B47E0}.Release|x64.ActiveCfg = Release|Any CPU
		{5394CAD7-275B-4B8D-93CD-10FB286B47E0}.Release|x64.Build.0 = Release|Any CPU
		{5394CAD7-275B-4B8D-93CD-10FB286B47E0}.Release|x86.ActiveCfg = Release|Any CPU
		{5394CAD7-275B-4B8D-93CD-10FB286B47E0}.Release|x86.Build.0 = Release|Any CPU
		{B59FC025-ACE2-4E3B-B450-AE6DC7B61D66}.Debug|Any CPU.ActiveCfg = Debug|Any CPU
		{B59FC025-ACE2-4E3B-B450-AE6DC7B61D66}.Debug|Any CPU.Build.0 = Debug|Any CPU
		{B59FC025-ACE2-4E3B-B450-AE6DC7B61D66}.Debug|x64.ActiveCfg = Debug|Any CPU
		{B59FC025-ACE2-4E3B-B450-AE6DC7B61D66}.Debug|x64.Build.0 = Debug|Any CPU
		{B59FC025-ACE2-4E3B-B450-AE6DC7B61D66}.Debug|x86.ActiveCfg = Debug|Any CPU
		{B59FC025-ACE2-4E3B-B450-AE6DC7B61D66}.Debug|x86.Build.0 = Debug|Any CPU
		{B59FC025-ACE2-4E3B-B450-AE6DC7B61D66}.Release|Any CPU.ActiveCfg = Release|Any CPU
		{B59FC025-ACE2-4E3B-B450-AE6DC7B61D66}.Release|Any CPU.Build.0 = Release|Any CPU
		{B59FC025-ACE2-4E3B-B450-AE6DC7B61D66}.Release|x64.ActiveCfg = Release|Any CPU
		{B59FC025-ACE2-4E3B-B450-AE6DC7B61D66}.Release|x64.Build.0 = Release|Any CPU
		{B59FC025-ACE2-4E3B-B450-AE6DC7B61D66}.Release|x86.ActiveCfg = Release|Any CPU
		{B59FC025-ACE2-4E3B-B450-AE6DC7B61D66}.Release|x86.Build.0 = Release|Any CPU
		{8F4C0098-5B9F-4F9C-8D14-DE0A78AD4BCA}.Debug|Any CPU.ActiveCfg = Debug|Any CPU
		{8F4C0098-5B9F-4F9C-8D14-DE0A78AD4BCA}.Debug|Any CPU.Build.0 = Debug|Any CPU
		{8F4C0098-5B9F-4F9C-8D14-DE0A78AD4BCA}.Debug|x64.ActiveCfg = Debug|Any CPU
		{8F4C0098-5B9F-4F9C-8D14-DE0A78AD4BCA}.Debug|x64.Build.0 = Debug|Any CPU
		{8F4C0098-5B9F-4F9C-8D14-DE0A78AD4BCA}.Debug|x86.ActiveCfg = Debug|Any CPU
		{8F4C0098-5B9F-4F9C-8D14-DE0A78AD4BCA}.Debug|x86.Build.0 = Debug|Any CPU
		{8F4C0098-5B9F-4F9C-8D14-DE0A78AD4BCA}.Release|Any CPU.ActiveCfg = Release|Any CPU
		{8F4C0098-5B9F-4F9C-8D14-DE0A78AD4BCA}.Release|Any CPU.Build.0 = Release|Any CPU
		{8F4C0098-5B9F-4F9C-8D14-DE0A78AD4BCA}.Release|x64.ActiveCfg = Release|Any CPU
		{8F4C0098-5B9F-4F9C-8D14-DE0A78AD4BCA}.Release|x64.Build.0 = Release|Any CPU
		{8F4C0098-5B9F-4F9C-8D14-DE0A78AD4BCA}.Release|x86.ActiveCfg = Release|Any CPU
		{8F4C0098-5B9F-4F9C-8D14-DE0A78AD4BCA}.Release|x86.Build.0 = Release|Any CPU
		{066CCB40-2AAD-4B7F-BA46-DB5D841AF815}.Debug|Any CPU.ActiveCfg = Debug|Any CPU
		{066CCB40-2AAD-4B7F-BA46-DB5D841AF815}.Debug|Any CPU.Build.0 = Debug|Any CPU
		{066CCB40-2AAD-4B7F-BA46-DB5D841AF815}.Debug|x64.ActiveCfg = Debug|Any CPU
		{066CCB40-2AAD-4B7F-BA46-DB5D841AF815}.Debug|x64.Build.0 = Debug|Any CPU
		{066CCB40-2AAD-4B7F-BA46-DB5D841AF815}.Debug|x86.ActiveCfg = Debug|Any CPU
		{066CCB40-2AAD-4B7F-BA46-DB5D841AF815}.Debug|x86.Build.0 = Debug|Any CPU
		{066CCB40-2AAD-4B7F-BA46-DB5D841AF815}.Release|Any CPU.ActiveCfg = Release|Any CPU
		{066CCB40-2AAD-4B7F-BA46-DB5D841AF815}.Release|Any CPU.Build.0 = Release|Any CPU
		{066CCB40-2AAD-4B7F-BA46-DB5D841AF815}.Release|x64.ActiveCfg = Release|Any CPU
		{066CCB40-2AAD-4B7F-BA46-DB5D841AF815}.Release|x64.Build.0 = Release|Any CPU
		{066CCB40-2AAD-4B7F-BA46-DB5D841AF815}.Release|x86.ActiveCfg = Release|Any CPU
		{066CCB40-2AAD-4B7F-BA46-DB5D841AF815}.Release|x86.Build.0 = Release|Any CPU
		{8D0435CF-19F4-409F-BE30-C77AB843CE72}.Debug|Any CPU.ActiveCfg = Debug|Any CPU
		{8D0435CF-19F4-409F-BE30-C77AB843CE72}.Debug|Any CPU.Build.0 = Debug|Any CPU
		{8D0435CF-19F4-409F-BE30-C77AB843CE72}.Debug|x64.ActiveCfg = Debug|Any CPU
		{8D0435CF-19F4-409F-BE30-C77AB843CE72}.Debug|x64.Build.0 = Debug|Any CPU
		{8D0435CF-19F4-409F-BE30-C77AB843CE72}.Debug|x86.ActiveCfg = Debug|Any CPU
		{8D0435CF-19F4-409F-BE30-C77AB843CE72}.Debug|x86.Build.0 = Debug|Any CPU
		{8D0435CF-19F4-409F-BE30-C77AB843CE72}.Release|Any CPU.ActiveCfg = Release|Any CPU
		{8D0435CF-19F4-409F-BE30-C77AB843CE72}.Release|Any CPU.Build.0 = Release|Any CPU
		{8D0435CF-19F4-409F-BE30-C77AB843CE72}.Release|x64.ActiveCfg = Release|Any CPU
		{8D0435CF-19F4-409F-BE30-C77AB843CE72}.Release|x64.Build.0 = Release|Any CPU
		{8D0435CF-19F4-409F-BE30-C77AB843CE72}.Release|x86.ActiveCfg = Release|Any CPU
		{8D0435CF-19F4-409F-BE30-C77AB843CE72}.Release|x86.Build.0 = Release|Any CPU
		{375F42F3-B0E3-4F42-AB79-FB23C0DE2117}.Debug|Any CPU.ActiveCfg = Debug|Any CPU
		{375F42F3-B0E3-4F42-AB79-FB23C0DE2117}.Debug|Any CPU.Build.0 = Debug|Any CPU
		{375F42F3-B0E3-4F42-AB79-FB23C0DE2117}.Debug|x64.ActiveCfg = Debug|Any CPU
		{375F42F3-B0E3-4F42-AB79-FB23C0DE2117}.Debug|x64.Build.0 = Debug|Any CPU
		{375F42F3-B0E3-4F42-AB79-FB23C0DE2117}.Debug|x86.ActiveCfg = Debug|Any CPU
		{375F42F3-B0E3-4F42-AB79-FB23C0DE2117}.Debug|x86.Build.0 = Debug|Any CPU
		{375F42F3-B0E3-4F42-AB79-FB23C0DE2117}.Release|Any CPU.ActiveCfg = Release|Any CPU
		{375F42F3-B0E3-4F42-AB79-FB23C0DE2117}.Release|Any CPU.Build.0 = Release|Any CPU
		{375F42F3-B0E3-4F42-AB79-FB23C0DE2117}.Release|x64.ActiveCfg = Release|Any CPU
		{375F42F3-B0E3-4F42-AB79-FB23C0DE2117}.Release|x64.Build.0 = Release|Any CPU
		{375F42F3-B0E3-4F42-AB79-FB23C0DE2117}.Release|x86.ActiveCfg = Release|Any CPU
		{375F42F3-B0E3-4F42-AB79-FB23C0DE2117}.Release|x86.Build.0 = Release|Any CPU
		{0BDED29C-F47F-4FC7-923E-0978220C3E90}.Debug|Any CPU.ActiveCfg = Debug|Any CPU
		{0BDED29C-F47F-4FC7-923E-0978220C3E90}.Debug|Any CPU.Build.0 = Debug|Any CPU
		{0BDED29C-F47F-4FC7-923E-0978220C3E90}.Debug|x64.ActiveCfg = Debug|Any CPU
		{0BDED29C-F47F-4FC7-923E-0978220C3E90}.Debug|x64.Build.0 = Debug|Any CPU
		{0BDED29C-F47F-4FC7-923E-0978220C3E90}.Debug|x86.ActiveCfg = Debug|Any CPU
		{0BDED29C-F47F-4FC7-923E-0978220C3E90}.Debug|x86.Build.0 = Debug|Any CPU
		{0BDED29C-F47F-4FC7-923E-0978220C3E90}.Release|Any CPU.ActiveCfg = Release|Any CPU
		{0BDED29C-F47F-4FC7-923E-0978220C3E90}.Release|Any CPU.Build.0 = Release|Any CPU
		{0BDED29C-F47F-4FC7-923E-0978220C3E90}.Release|x64.ActiveCfg = Release|Any CPU
		{0BDED29C-F47F-4FC7-923E-0978220C3E90}.Release|x64.Build.0 = Release|Any CPU
		{0BDED29C-F47F-4FC7-923E-0978220C3E90}.Release|x86.ActiveCfg = Release|Any CPU
		{0BDED29C-F47F-4FC7-923E-0978220C3E90}.Release|x86.Build.0 = Release|Any CPU
		{50FC7B30-1CAA-4853-AFEC-064BF9B27688}.Debug|Any CPU.ActiveCfg = Debug|Any CPU
		{50FC7B30-1CAA-4853-AFEC-064BF9B27688}.Debug|Any CPU.Build.0 = Debug|Any CPU
		{50FC7B30-1CAA-4853-AFEC-064BF9B27688}.Debug|x64.ActiveCfg = Debug|Any CPU
		{50FC7B30-1CAA-4853-AFEC-064BF9B27688}.Debug|x64.Build.0 = Debug|Any CPU
		{50FC7B30-1CAA-4853-AFEC-064BF9B27688}.Debug|x86.ActiveCfg = Debug|Any CPU
		{50FC7B30-1CAA-4853-AFEC-064BF9B27688}.Debug|x86.Build.0 = Debug|Any CPU
		{50FC7B30-1CAA-4853-AFEC-064BF9B27688}.Release|Any CPU.ActiveCfg = Release|Any CPU
		{50FC7B30-1CAA-4853-AFEC-064BF9B27688}.Release|Any CPU.Build.0 = Release|Any CPU
		{50FC7B30-1CAA-4853-AFEC-064BF9B27688}.Release|x64.ActiveCfg = Release|Any CPU
		{50FC7B30-1CAA-4853-AFEC-064BF9B27688}.Release|x64.Build.0 = Release|Any CPU
		{50FC7B30-1CAA-4853-AFEC-064BF9B27688}.Release|x86.ActiveCfg = Release|Any CPU
		{50FC7B30-1CAA-4853-AFEC-064BF9B27688}.Release|x86.Build.0 = Release|Any CPU
		{8084E1CD-0112-4F39-9FAB-BB9C94030EA6}.Debug|Any CPU.ActiveCfg = Debug|Any CPU
		{8084E1CD-0112-4F39-9FAB-BB9C94030EA6}.Debug|Any CPU.Build.0 = Debug|Any CPU
		{8084E1CD-0112-4F39-9FAB-BB9C94030EA6}.Debug|x64.ActiveCfg = Debug|Any CPU
		{8084E1CD-0112-4F39-9FAB-BB9C94030EA6}.Debug|x64.Build.0 = Debug|Any CPU
		{8084E1CD-0112-4F39-9FAB-BB9C94030EA6}.Debug|x86.ActiveCfg = Debug|Any CPU
		{8084E1CD-0112-4F39-9FAB-BB9C94030EA6}.Debug|x86.Build.0 = Debug|Any CPU
		{8084E1CD-0112-4F39-9FAB-BB9C94030EA6}.Release|Any CPU.ActiveCfg = Release|Any CPU
		{8084E1CD-0112-4F39-9FAB-BB9C94030EA6}.Release|Any CPU.Build.0 = Release|Any CPU
		{8084E1CD-0112-4F39-9FAB-BB9C94030EA6}.Release|x64.ActiveCfg = Release|Any CPU
		{8084E1CD-0112-4F39-9FAB-BB9C94030EA6}.Release|x64.Build.0 = Release|Any CPU
		{8084E1CD-0112-4F39-9FAB-BB9C94030EA6}.Release|x86.ActiveCfg = Release|Any CPU
		{8084E1CD-0112-4F39-9FAB-BB9C94030EA6}.Release|x86.Build.0 = Release|Any CPU
	EndGlobalSection
	GlobalSection(NestedProjects) = preSolution
		{B59FC025-ACE2-4E3B-B450-AE6DC7B61D66} = {25FEB5FD-7BCD-4856-AB4E-9814CFC36F33}
		{8F4C0098-5B9F-4F9C-8D14-DE0A78AD4BCA} = {25FEB5FD-7BCD-4856-AB4E-9814CFC36F33}
		{066CCB40-2AAD-4B7F-BA46-DB5D841AF815} = {25FEB5FD-7BCD-4856-AB4E-9814CFC36F33}
		{8D0435CF-19F4-409F-BE30-C77AB843CE72} = {25FEB5FD-7BCD-4856-AB4E-9814CFC36F33}
		{375F42F3-B0E3-4F42-AB79-FB23C0DE2117} = {88C37F7F-48EC-401F-AD37-58EC25B0C78C}
		{0BDED29C-F47F-4FC7-923E-0978220C3E90} = {88C37F7F-48EC-401F-AD37-58EC25B0C78C}
		{50FC7B30-1CAA-4853-AFEC-064BF9B27688} = {88C37F7F-48EC-401F-AD37-58EC25B0C78C}
		{8084E1CD-0112-4F39-9FAB-BB9C94030EA6} = {88C37F7F-48EC-401F-AD37-58EC25B0C78C}
	EndGlobalSection
EndGlobal
